
Microsoft Visual Studio Solution File, Format Version 12.00
# Visual Studio Version 17
VisualStudioVersion = 17.13.35919.96
MinimumVisualStudioVersion = 10.0.40219.1
Project("{FAE04EC0-301F-11D3-BF4B-00C04F79EFBC}") = "SeleniumDashboardApp", "SeleniumDashboardApp\SeleniumDashboardApp.csproj", "{B56A209E-1914-4DAC-9C87-34352DF2B3B5}"
EndProject
Project("{FAE04EC0-301F-11D3-BF4B-00C04F79EFBC}") = "SeleniumDashboardApi", "SeleniumDashboardApi\SeleniumDashboardApi.csproj", "{43EDDB1F-8BE3-420E-9426-7F7BF54F5477}"
EndProject
Global
	GlobalSection(SolutionConfigurationPlatforms) = preSolution
		Debug|Any CPU = Debug|Any CPU
		Release|Any CPU = Release|Any CPU
	EndGlobalSection
	GlobalSection(ProjectConfigurationPlatforms) = postSolution
		{B56A209E-1914-4DAC-9C87-34352DF2B3B5}.Debug|Any CPU.ActiveCfg = Debug|Any CPU
		{B56A209E-1914-4DAC-9C87-34352DF2B3B5}.Debug|Any CPU.Build.0 = Debug|Any CPU
		{B56A209E-1914-4DAC-9C87-34352DF2B3B5}.Release|Any CPU.ActiveCfg = Release|Any CPU
		{B56A209E-1914-4DAC-9C87-34352DF2B3B5}.Release|Any CPU.Build.0 = Release|Any CPU
		{43EDDB1F-8BE3-420E-9426-7F7BF54F5477}.Debug|Any CPU.ActiveCfg = Debug|Any CPU
		{43EDDB1F-8BE3-420E-9426-7F7BF54F5477}.Debug|Any CPU.Build.0 = Debug|Any CPU
		{43EDDB1F-8BE3-420E-9426-7F7BF54F5477}.Release|Any CPU.ActiveCfg = Release|Any CPU
		{43EDDB1F-8BE3-420E-9426-7F7BF54F5477}.Release|Any CPU.Build.0 = Release|Any CPU
	EndGlobalSection
	GlobalSection(SolutionProperties) = preSolution
		HideSolutionNode = FALSE
	EndGlobalSection
	GlobalSection(ExtensibilityGlobals) = postSolution
		SolutionGuid = {4AE7C969-ECE9-4D85-9ED5-AF066D0DF289}
	EndGlobalSection
EndGlobal
